<?xml version="1.0" encoding="utf-8"?>
<Project ToolsVersion="4.0" xmlns="http://schemas.microsoft.com/developer/msbuild/2003">
  <ItemGroup>
    <Filter Include="着色器">
      <UniqueIdentifier>{241edde1-ca9a-4ef0-ac91-37c8b96feba6}</UniqueIdentifier>
    </Filter>
    <Filter Include="GLAD">
      <UniqueIdentifier>{27e5f554-b11d-48e1-aa0a-cf0e213aef5a}</UniqueIdentifier>
    </Filter>
    <Filter Include="窗口">
      <UniqueIdentifier>{93995380-89BD-4b04-88EB-625FBE52EBFB}</UniqueIdentifier>
      <Extensions>h;hh;hpp;hxx;h++;hm;inl;inc;ipp;xsd</Extensions>
    </Filter>
    <Filter Include="预定义宏">
      <UniqueIdentifier>{0dcff380-821a-41b1-aa37-1f2c1e29993c}</UniqueIdentifier>
    </Filter>
    <Filter Include="输入处理">
      <UniqueIdentifier>{120925bc-7992-48c3-be8e-65d9251bcb25}</UniqueIdentifier>
    </Filter>
    <Filter Include="主程序">
      <UniqueIdentifier>{4FC737F1-C7A5-4376-A066-2A32D752A2FF}</UniqueIdentifier>
      <Extensions>cpp;c;cc;cxx;c++;cppm;ixx;def;odl;idl;hpj;bat;asm;asmx</Extensions>
    </Filter>
    <Filter Include="非代码资源">
      <UniqueIdentifier>{67DA6AB6-F800-4c08-8B7A-83BB121AAD01}</UniqueIdentifier>
      <Extensions>rc;ico;cur;bmp;dlg;rc2;rct;bin;rgs;gif;jpg;jpeg;jpe;resx;tiff;tif;png;wav;mfcribbon-ms</Extensions>
    </Filter>
    <Filter Include="介绍文档">
      <UniqueIdentifier>{0dbd44ae-a4bb-42a2-8574-a4f6f55db30d}</UniqueIdentifier>
    </Filter>
    <Filter Include="异常">
      <UniqueIdentifier>{0776a553-b92c-433e-a687-8ebf2c8c0654}</UniqueIdentifier>
    </Filter>
    <Filter Include="异常\着色器">
      <UniqueIdentifier>{f105fe48-766f-4add-932b-b7b422eb545b}</UniqueIdentifier>
    </Filter>
    <Filter Include="异常\着色器\声明">
      <UniqueIdentifier>{cbc9350a-9304-49d6-a3db-04456d7187f6}</UniqueIdentifier>
    </Filter>
    <Filter Include="异常\着色器\定义">
      <UniqueIdentifier>{acf606c4-16ad-4cc6-a6fb-878b6e52f2e6}</UniqueIdentifier>
    </Filter>
    <Filter Include="着色器\声明">
      <UniqueIdentifier>{21484cce-774d-4f16-aa50-4cd50081cc9e}</UniqueIdentifier>
    </Filter>
    <Filter Include="着色器\定义">
      <UniqueIdentifier>{32def098-e43f-4dd0-bf40-864dd6c310a7}</UniqueIdentifier>
    </Filter>
    <Filter Include="窗口\声明">
      <UniqueIdentifier>{f13641c6-3bda-49b7-aba3-b57aa4a27418}</UniqueIdentifier>
    </Filter>
    <Filter Include="窗口\定义">
      <UniqueIdentifier>{19a7ca98-9342-45df-98f6-917ea60fe2de}</UniqueIdentifier>
    </Filter>
    <Filter Include="输入处理\定义">
      <UniqueIdentifier>{18681ce2-1bb6-434b-9537-5534fd9a7511}</UniqueIdentifier>
    </Filter>
    <Filter Include="输入处理\声明">
      <UniqueIdentifier>{f7f54b7d-7759-4d96-b96c-13cff63e2811}</UniqueIdentifier>
    </Filter>
    <Filter Include="窗口\窗口操作函数">
      <UniqueIdentifier>{d0778116-f0e7-4551-a96a-57d55250b96d}</UniqueIdentifier>
    </Filter>
    <Filter Include="窗口\窗口操作函数\声明">
      <UniqueIdentifier>{e3738c30-8fd3-4615-bab3-c7d3685f6bfd}</UniqueIdentifier>
    </Filter>
    <Filter Include="窗口\窗口操作函数\定义">
      <UniqueIdentifier>{6be5986f-602c-4cad-bf49-23e6df7596d6}</UniqueIdentifier>
    </Filter>
    <Filter Include="异常\窗口">
      <UniqueIdentifier>{bf93a230-03db-4e2d-b3ef-9a87f27cfae1}</UniqueIdentifier>
    </Filter>
    <Filter Include="异常\窗口\声明">
      <UniqueIdentifier>{86e58eb2-dce0-4758-b1f6-373f818b8ab4}</UniqueIdentifier>
    </Filter>
    <Filter Include="异常\窗口\定义">
      <UniqueIdentifier>{2c47c24e-da5b-4714-8638-1d074cb3d227}</UniqueIdentifier>
    </Filter>
    <Filter Include="stb_img">
      <UniqueIdentifier>{9832c8e4-c138-4de9-9ff6-de47945fc83c}</UniqueIdentifier>
    </Filter>
    <Filter Include="stb_img\声明">
      <UniqueIdentifier>{03b95a26-abed-499b-b3b1-e0b78c36720d}</UniqueIdentifier>
    </Filter>
    <Filter Include="图元">
      <UniqueIdentifier>{548205f1-6f64-4daa-89a4-44a69613eca7}</UniqueIdentifier>
    </Filter>
    <Filter Include="图元\声明">
      <UniqueIdentifier>{ad53c1aa-dbee-4d20-86db-a82ba38f6710}</UniqueIdentifier>
    </Filter>
    <Filter Include="图元\定义">
      <UniqueIdentifier>{4f5c0fe5-32e1-4855-a07b-25c38ebf21bb}</UniqueIdentifier>
    </Filter>
    <Filter Include="摄像机">
      <UniqueIdentifier>{8010effa-23d7-407f-a15c-f6a49c4e1999}</UniqueIdentifier>
    </Filter>
    <Filter Include="摄像机\定义">
      <UniqueIdentifier>{b17227dc-c71f-4851-96f9-7caea2629e1b}</UniqueIdentifier>
    </Filter>
    <Filter Include="摄像机\声明">
      <UniqueIdentifier>{54c838fd-6b5c-4dad-b113-eca1a68976ef}</UniqueIdentifier>
    </Filter>
    <Filter Include="着色器\代码">
      <UniqueIdentifier>{8a196b6d-9c49-4fa3-a669-37aded242f61}</UniqueIdentifier>
    </Filter>
    <Filter Include="着色器\代码\顶点着色器">
      <UniqueIdentifier>{fdad2f38-5009-43b1-8d4f-d30dd6c0bf2a}</UniqueIdentifier>
    </Filter>
    <Filter Include="着色器\代码\片段着色器">
      <UniqueIdentifier>{313ab05d-8840-460b-8a0c-bdede07deea1}</UniqueIdentifier>
    </Filter>
  </ItemGroup>
  <ItemGroup>
    <ClCompile Include="..\Dependencies\src\glad.c">
      <Filter>GLAD</Filter>
    </ClCompile>
    <ClCompile Include="preFlag.h">
      <Filter>预定义宏</Filter>
    </ClCompile>
    <ClCompile Include="framebuffer.cpp">
      <Filter>窗口\定义</Filter>
    </ClCompile>
    <ClCompile Include="main.cpp">
      <Filter>主程序</Filter>
    </ClCompile>
    <ClCompile Include="opsWin.cpp">
      <Filter>窗口\窗口操作函数\定义</Filter>
    </ClCompile>
    <ClCompile Include="shader.cpp">
      <Filter>着色器\定义</Filter>
    </ClCompile>
    <ClCompile Include="shaderException.cpp">
      <Filter>异常\着色器\定义</Filter>
    </ClCompile>
    <ClCompile Include="inputProc.cpp">
      <Filter>输入处理\定义</Filter>
    </ClCompile>
    <ClCompile Include="windowException.cpp">
      <Filter>异常\窗口\定义</Filter>
    </ClCompile>
    <ClCompile Include="absNode.cpp">
      <Filter>图元\定义</Filter>
    </ClCompile>
    <ClCompile Include="camera.cpp">
      <Filter>摄像机\定义</Filter>
    </ClCompile>
  </ItemGroup>
  <ItemGroup>
    <None Include="..\README.md">
      <Filter>介绍文档</Filter>
    </None>
    <None Include="Shader\shaderVert.vert">
      <Filter>着色器\代码\顶点着色器</Filter>
    </None>
    <None Include="Shader\shaderFrag.frag">
      <Filter>着色器\代码\片段着色器</Filter>
    </None>
  </ItemGroup>
  <ItemGroup>
    <ClInclude Include="initWin.h">
      <Filter>窗口\声明</Filter>
    </ClInclude>
    <ClInclude Include="opsWin.h">
      <Filter>窗口\窗口操作函数\声明</Filter>
    </ClInclude>
    <ClInclude Include="shader.h">
      <Filter>着色器\声明</Filter>
    </ClInclude>
    <ClInclude Include="shaderException.h">
      <Filter>异常\着色器\声明</Filter>
    </ClInclude>
    <ClInclude Include="inputProc.h">
      <Filter>输入处理\声明</Filter>
    </ClInclude>
    <ClInclude Include="windowException.h">
      <Filter>异常\窗口\声明</Filter>
    </ClInclude>
    <ClInclude Include="absNode.h">
      <Filter>图元\声明</Filter>
    </ClInclude>
    <ClInclude Include="..\Dependencies\include\stb_image.h">
      <Filter>stb_img\声明</Filter>
    </ClInclude>
    <ClInclude Include="camera.h">
      <Filter>摄像机\声明</Filter>
    </ClInclude>
  </ItemGroup>
</Project>